
Microsoft Visual Studio Solution File, Format Version 12.00
# Visual Studio Version 16
VisualStudioVersion = 16.0.30104.148
MinimumVisualStudioVersion = 10.0.40219.1
Project("{FAE04EC0-301F-11D3-BF4B-00C04F79EFBC}") = "NeuralNetwork", "NeuralNetwork.csproj", "{8F061CC2-A400-416A-B067-37BC1B4F048B}"
EndProject
Global
	GlobalSection(SolutionConfigurationPlatforms) = preSolution
		Debug|Any CPU = Debug|Any CPU
		Release|Any CPU = Release|Any CPU
	EndGlobalSection
	GlobalSection(ProjectConfigurationPlatforms) = postSolution
		{8F061CC2-A400-416A-B067-37BC1B4F048B}.Debug|Any CPU.ActiveCfg = Debug|Any CPU
		{8F061CC2-A400-416A-B067-37BC1B4F048B}.Debug|Any CPU.Build.0 = Debug|Any CPU
		{8F061CC2-A400-416A-B067-37BC1B4F048B}.Release|Any CPU.ActiveCfg = Release|Any CPU
		{8F061CC2-A400-416A-B067-37BC1B4F048B}.Release|Any CPU.Build.0 = Release|Any CPU
	EndGlobalSection
	GlobalSection(SolutionProperties) = preSolution
		HideSolutionNode = FALSE
	EndGlobalSection
	GlobalSection(ExtensibilityGlobals) = postSolution
		SolutionGuid = {66E2E179-DE63-41F2-813A-BE7A8E4BFBEB}
	EndGlobalSection
EndGlobal
